
Microsoft Visual Studio Solution File, Format Version 12.00
# Visual Studio Version 16
VisualStudioVersion = 16.0.31005.135
MinimumVisualStudioVersion = 10.0.40219.1
Project("{9A19103F-16F7-4668-BE54-9A1E7A4F7556}") = "Tictactoe", "src\Tictactoe\Tictactoe.csproj", "{DCF3EFD1-0818-4C7D-A185-9AE9D42D5251}"
EndProject
Project("{2150E333-8FDC-42A3-9474-1A3956D46DE8}") = "src", "src", "{F982838E-753A-4082-965E-97315748914C}"
EndProject
Project("{2150E333-8FDC-42A3-9474-1A3956D46DE8}") = "test", "test", "{FCE606CD-4F14-4D8A-83CF-CD087280D139}"
EndProject
Global
	GlobalSection(SolutionConfigurationPlatforms) = preSolution
		Debug|Any CPU = Debug|Any CPU
		Release|Any CPU = Release|Any CPU
	EndGlobalSection
	GlobalSection(ProjectConfigurationPlatforms) = postSolution
		{DCF3EFD1-0818-4C7D-A185-9AE9D42D5251}.Debug|Any CPU.ActiveCfg = Debug|Any CPU
		{DCF3EFD1-0818-4C7D-A185-9AE9D42D5251}.Debug|Any CPU.Build.0 = Debug|Any CPU
		{DCF3EFD1-0818-4C7D-A185-9AE9D42D5251}.Release|Any CPU.ActiveCfg = Release|Any CPU
		{DCF3EFD1-0818-4C7D-A185-9AE9D42D5251}.Release|Any CPU.Build.0 = Release|Any CPU
	EndGlobalSection
	GlobalSection(SolutionProperties) = preSolution
		HideSolutionNode = FALSE
	EndGlobalSection
	GlobalSection(NestedProjects) = preSolution
		{DCF3EFD1-0818-4C7D-A185-9AE9D42D5251} = {F982838E-753A-4082-965E-97315748914C}
	EndGlobalSection
	GlobalSection(ExtensibilityGlobals) = postSolution
		SolutionGuid = {FEA14132-2063-4BC7-8A05-4FC65773EBDC}
	EndGlobalSection
EndGlobal
